
Microsoft Visual Studio Solution File, Format Version 12.00
# Visual Studio Version 17
VisualStudioVersion = 17.12.35527.113
MinimumVisualStudioVersion = 10.0.40219.1
Project("{FAE04EC0-301F-11D3-BF4B-00C04F79EFBC}") = "1Logging", "1Logging\1Logging.csproj", "{98270ED7-04C7-4F90-91B1-820C672CE123}"
EndProject
Project("{FAE04EC0-301F-11D3-BF4B-00C04F79EFBC}") = "2EditDatabase", "2EditDatabase\2EditDatabase.csproj", "{42BF3751-D744-4373-B5CC-704A0CCA0106}"
EndProject
Project("{FAE04EC0-301F-11D3-BF4B-00C04F79EFBC}") = "3EditSptConfig", "3EditSptConfig\3EditSptConfig.csproj", "{CE1A0F24-D1CB-4E12-8462-13641A7FB964}"
EndProject
Project("{FAE04EC0-301F-11D3-BF4B-00C04F79EFBC}") = "4ReadCustomJson5Config", "4ReadCustomJson5Config\4ReadCustomJson5Config.csproj", "{CEFCC99D-C0C7-4894-93D9-3B6F3BAFD92F}"
EndProject
Project("{FAE04EC0-301F-11D3-BF4B-00C04F79EFBC}") = "5ReadCustomJsonConfig", "5ReadCustomJsonConfig\5ReadCustomJsonConfig.csproj", "{00CE855D-299F-4700-84C2-0567060593DF}"
EndProject
Project("{FAE04EC0-301F-11D3-BF4B-00C04F79EFBC}") = "6OverrideMethod", "6OverrideMethod\6OverrideMethod.csproj", "{494C6DB5-EAD2-4DCA-871A-34675D2452DE}"
EndProject
Project("{FAE04EC0-301F-11D3-BF4B-00C04F79EFBC}") = "7UseMultipleClasses", "7UseMultipleClasses\7UseMultipleClasses.csproj", "{B6DE92DC-7ADB-4E5E-BECF-68C829D7CBCA}"
EndProject
Project("{FAE04EC0-301F-11D3-BF4B-00C04F79EFBC}") = "8OnLoad", "8OnLoad\8OnLoad.csproj", "{556E07A1-E399-4761-89C0-AC74E6A20BA1}"
EndProject
Project("{FAE04EC0-301F-11D3-BF4B-00C04F79EFBC}") = "9OnUpdate", "9OnUpdate\9OnUpdate.csproj", "{113E9B1C-25E4-4DB3-9724-A48684A40B91}"
EndProject
Project("{FAE04EC0-301F-11D3-BF4B-00C04F79EFBC}") = "10CustomRoute", "10CustomRoute\10CustomRoute.csproj", "{4AF609A6-91C8-48CC-8D4B-9454864C98E2}"
EndProject
Project("{FAE04EC0-301F-11D3-BF4B-00C04F79EFBC}") = "11RegisterClassesInDI", "11RegisterClassesInDI\11RegisterClassesInDI.csproj", "{5B705F9E-7F4F-491A-8215-30EE5B5D77B0}"
EndProject
Project("{FAE04EC0-301F-11D3-BF4B-00C04F79EFBC}") = "12Bundle", "12Bundle\12Bundle.csproj", "{FE769EA8-4F31-4426-90A3-A1EFA8A43D6E}"
EndProject
Project("{FAE04EC0-301F-11D3-BF4B-00C04F79EFBC}") = "13AddTraderWithAssortJson", "13AddTraderWithAssortJson\13AddTraderWithAssortJson.csproj", "{636D5797-E37F-425A-B8DB-E3FBE4573F71}"
EndProject
Project("{FAE04EC0-301F-11D3-BF4B-00C04F79EFBC}") = "14AfterDBLoadHook", "14AfterDBLoadHook\14AfterDBLoadHook.csproj", "{B4DDC0E8-99D1-405E-9E01-823523FE642B}"
EndProject
Project("{FAE04EC0-301F-11D3-BF4B-00C04F79EFBC}") = "15HttpListenerExample", "15HttpListenerExample\15HttpListenerExample.csproj", "{15F2B434-439E-498E-9B85-B7BBC2F4AFA4}"
EndProject
Project("{FAE04EC0-301F-11D3-BF4B-00C04F79EFBC}") = "18CustomItemService", "18CustomItemService\18CustomItemService.csproj", "{ADE10F29-58D6-4C13-B217-7C737DFB413A}"
EndProject
Project("{FAE04EC0-301F-11D3-BF4B-00C04F79EFBC}") = "18.1CustomItemServiceLootBox", "18.1CustomItemServiceLootBox\18.1CustomItemServiceLootBox.csproj", "{B870C285-B435-4C40-89C4-0220D34CB9BE}"
EndProject
Project("{FAE04EC0-301F-11D3-BF4B-00C04F79EFBC}") = "20CustomChatBot", "20CustomChatBot\20CustomChatBot.csproj", "{32271491-8CF1-4014-9A8E-E1EA22EA4292}"
EndProject
Project("{FAE04EC0-301F-11D3-BF4B-00C04F79EFBC}") = "13.1AddTraderWithDynamicAssorts", "13.1AddTraderWithDynamicAssorts\13.1AddTraderWithDynamicAssorts.csproj", "{9038FA64-E484-4549-9728-C50F12BBE643}"
EndProject
Project("{FAE04EC0-301F-11D3-BF4B-00C04F79EFBC}") = "21CustomCommandoCommand", "21CustomCommandoCommand\21CustomCommandoCommand.csproj", "{A7D491BC-94C0-4AC9-9190-1FCA05D09B19}"
EndProject
Project("{FAE04EC0-301F-11D3-BF4B-00C04F79EFBC}") = "22CustomSptCommand", "22CustomSptCommand\22CustomSptCommand.csproj", "{7FB8C9B5-CEBF-4E76-9EC3-670EE57B328B}"
EndProject
Project("{FAE04EC0-301F-11D3-BF4B-00C04F79EFBC}") = "23CustomAbstractChatBot", "23CustomAbstractChatBot\23CustomAbstractChatBot.csproj", "{B97A7EE2-04DD-4690-866E-9179F5E01908}"
EndProject
Project("{FAE04EC0-301F-11D3-BF4B-00C04F79EFBC}") = "24Websocket", "24Websocket\24Websocket.csproj", "{94B1B1E4-C47D-4AA7-BA3A-88F3D30439DF}"
EndProject
Global
	GlobalSection(SolutionConfigurationPlatforms) = preSolution
		Debug|Any CPU = Debug|Any CPU
		Release|Any CPU = Release|Any CPU
	EndGlobalSection
	GlobalSection(ProjectConfigurationPlatforms) = postSolution
		{98270ED7-04C7-4F90-91B1-820C672CE123}.Debug|Any CPU.ActiveCfg = Debug|Any CPU
		{98270ED7-04C7-4F90-91B1-820C672CE123}.Debug|Any CPU.Build.0 = Debug|Any CPU
		{98270ED7-04C7-4F90-91B1-820C672CE123}.Release|Any CPU.ActiveCfg = Release|Any CPU
		{98270ED7-04C7-4F90-91B1-820C672CE123}.Release|Any CPU.Build.0 = Release|Any CPU
		{42BF3751-D744-4373-B5CC-704A0CCA0106}.Debug|Any CPU.ActiveCfg = Debug|Any CPU
		{42BF3751-D744-4373-B5CC-704A0CCA0106}.Debug|Any CPU.Build.0 = Debug|Any CPU
		{42BF3751-D744-4373-B5CC-704A0CCA0106}.Release|Any CPU.ActiveCfg = Release|Any CPU
		{42BF3751-D744-4373-B5CC-704A0CCA0106}.Release|Any CPU.Build.0 = Release|Any CPU
		{CE1A0F24-D1CB-4E12-8462-13641A7FB964}.Debug|Any CPU.ActiveCfg = Debug|Any CPU
		{CE1A0F24-D1CB-4E12-8462-13641A7FB964}.Debug|Any CPU.Build.0 = Debug|Any CPU
		{CE1A0F24-D1CB-4E12-8462-13641A7FB964}.Release|Any CPU.ActiveCfg = Release|Any CPU
		{CE1A0F24-D1CB-4E12-8462-13641A7FB964}.Release|Any CPU.Build.0 = Release|Any CPU
		{CEFCC99D-C0C7-4894-93D9-3B6F3BAFD92F}.Debug|Any CPU.ActiveCfg = Debug|Any CPU
		{CEFCC99D-C0C7-4894-93D9-3B6F3BAFD92F}.Debug|Any CPU.Build.0 = Debug|Any CPU
		{CEFCC99D-C0C7-4894-93D9-3B6F3BAFD92F}.Release|Any CPU.ActiveCfg = Release|Any CPU
		{CEFCC99D-C0C7-4894-93D9-3B6F3BAFD92F}.Release|Any CPU.Build.0 = Release|Any CPU
		{00CE855D-299F-4700-84C2-0567060593DF}.Debug|Any CPU.ActiveCfg = Debug|Any CPU
		{00CE855D-299F-4700-84C2-0567060593DF}.Debug|Any CPU.Build.0 = Debug|Any CPU
		{00CE855D-299F-4700-84C2-0567060593DF}.Release|Any CPU.ActiveCfg = Release|Any CPU
		{00CE855D-299F-4700-84C2-0567060593DF}.Release|Any CPU.Build.0 = Release|Any CPU
		{494C6DB5-EAD2-4DCA-871A-34675D2452DE}.Debug|Any CPU.ActiveCfg = Debug|Any CPU
		{494C6DB5-EAD2-4DCA-871A-34675D2452DE}.Debug|Any CPU.Build.0 = Debug|Any CPU
		{494C6DB5-EAD2-4DCA-871A-34675D2452DE}.Release|Any CPU.ActiveCfg = Release|Any CPU
		{494C6DB5-EAD2-4DCA-871A-34675D2452DE}.Release|Any CPU.Build.0 = Release|Any CPU
		{B6DE92DC-7ADB-4E5E-BECF-68C829D7CBCA}.Debug|Any CPU.ActiveCfg = Debug|Any CPU
		{B6DE92DC-7ADB-4E5E-BECF-68C829D7CBCA}.Debug|Any CPU.Build.0 = Debug|Any CPU
		{B6DE92DC-7ADB-4E5E-BECF-68C829D7CBCA}.Release|Any CPU.ActiveCfg = Release|Any CPU
		{B6DE92DC-7ADB-4E5E-BECF-68C829D7CBCA}.Release|Any CPU.Build.0 = Release|Any CPU
		{556E07A1-E399-4761-89C0-AC74E6A20BA1}.Debug|Any CPU.ActiveCfg = Debug|Any CPU
		{556E07A1-E399-4761-89C0-AC74E6A20BA1}.Debug|Any CPU.Build.0 = Debug|Any CPU
		{556E07A1-E399-4761-89C0-AC74E6A20BA1}.Release|Any CPU.ActiveCfg = Release|Any CPU
		{556E07A1-E399-4761-89C0-AC74E6A20BA1}.Release|Any CPU.Build.0 = Release|Any CPU
		{113E9B1C-25E4-4DB3-9724-A48684A40B91}.Debug|Any CPU.ActiveCfg = Debug|Any CPU
		{113E9B1C-25E4-4DB3-9724-A48684A40B91}.Debug|Any CPU.Build.0 = Debug|Any CPU
		{113E9B1C-25E4-4DB3-9724-A48684A40B91}.Release|Any CPU.ActiveCfg = Release|Any CPU
		{113E9B1C-25E4-4DB3-9724-A48684A40B91}.Release|Any CPU.Build.0 = Release|Any CPU
		{4AF609A6-91C8-48CC-8D4B-9454864C98E2}.Debug|Any CPU.ActiveCfg = Debug|Any CPU
		{4AF609A6-91C8-48CC-8D4B-9454864C98E2}.Debug|Any CPU.Build.0 = Debug|Any CPU
		{4AF609A6-91C8-48CC-8D4B-9454864C98E2}.Release|Any CPU.ActiveCfg = Release|Any CPU
		{4AF609A6-91C8-48CC-8D4B-9454864C98E2}.Release|Any CPU.Build.0 = Release|Any CPU
		{5B705F9E-7F4F-491A-8215-30EE5B5D77B0}.Debug|Any CPU.ActiveCfg = Debug|Any CPU
		{5B705F9E-7F4F-491A-8215-30EE5B5D77B0}.Debug|Any CPU.Build.0 = Debug|Any CPU
		{5B705F9E-7F4F-491A-8215-30EE5B5D77B0}.Release|Any CPU.ActiveCfg = Release|Any CPU
		{5B705F9E-7F4F-491A-8215-30EE5B5D77B0}.Release|Any CPU.Build.0 = Release|Any CPU
		{FE769EA8-4F31-4426-90A3-A1EFA8A43D6E}.Debug|Any CPU.ActiveCfg = Debug|Any CPU
		{FE769EA8-4F31-4426-90A3-A1EFA8A43D6E}.Debug|Any CPU.Build.0 = Debug|Any CPU
		{FE769EA8-4F31-4426-90A3-A1EFA8A43D6E}.Release|Any CPU.ActiveCfg = Release|Any CPU
		{FE769EA8-4F31-4426-90A3-A1EFA8A43D6E}.Release|Any CPU.Build.0 = Release|Any CPU
		{636D5797-E37F-425A-B8DB-E3FBE4573F71}.Debug|Any CPU.ActiveCfg = Debug|Any CPU
		{636D5797-E37F-425A-B8DB-E3FBE4573F71}.Debug|Any CPU.Build.0 = Debug|Any CPU
		{636D5797-E37F-425A-B8DB-E3FBE4573F71}.Release|Any CPU.ActiveCfg = Release|Any CPU
		{636D5797-E37F-425A-B8DB-E3FBE4573F71}.Release|Any CPU.Build.0 = Release|Any CPU
		{B4DDC0E8-99D1-405E-9E01-823523FE642B}.Debug|Any CPU.ActiveCfg = Debug|Any CPU
		{B4DDC0E8-99D1-405E-9E01-823523FE642B}.Debug|Any CPU.Build.0 = Debug|Any CPU
		{B4DDC0E8-99D1-405E-9E01-823523FE642B}.Release|Any CPU.ActiveCfg = Release|Any CPU
		{B4DDC0E8-99D1-405E-9E01-823523FE642B}.Release|Any CPU.Build.0 = Release|Any CPU
		{15F2B434-439E-498E-9B85-B7BBC2F4AFA4}.Debug|Any CPU.ActiveCfg = Debug|Any CPU
		{15F2B434-439E-498E-9B85-B7BBC2F4AFA4}.Debug|Any CPU.Build.0 = Debug|Any CPU
		{15F2B434-439E-498E-9B85-B7BBC2F4AFA4}.Release|Any CPU.ActiveCfg = Release|Any CPU
		{15F2B434-439E-498E-9B85-B7BBC2F4AFA4}.Release|Any CPU.Build.0 = Release|Any CPU
		{ADE10F29-58D6-4C13-B217-7C737DFB413A}.Debug|Any CPU.ActiveCfg = Debug|Any CPU
		{ADE10F29-58D6-4C13-B217-7C737DFB413A}.Debug|Any CPU.Build.0 = Debug|Any CPU
		{ADE10F29-58D6-4C13-B217-7C737DFB413A}.Release|Any CPU.ActiveCfg = Release|Any CPU
		{ADE10F29-58D6-4C13-B217-7C737DFB413A}.Release|Any CPU.Build.0 = Release|Any CPU
		{B870C285-B435-4C40-89C4-0220D34CB9BE}.Debug|Any CPU.ActiveCfg = Debug|Any CPU
		{B870C285-B435-4C40-89C4-0220D34CB9BE}.Debug|Any CPU.Build.0 = Debug|Any CPU
		{B870C285-B435-4C40-89C4-0220D34CB9BE}.Release|Any CPU.ActiveCfg = Release|Any CPU
		{B870C285-B435-4C40-89C4-0220D34CB9BE}.Release|Any CPU.Build.0 = Release|Any CPU
		{32271491-8CF1-4014-9A8E-E1EA22EA4292}.Debug|Any CPU.ActiveCfg = Debug|Any CPU
		{32271491-8CF1-4014-9A8E-E1EA22EA4292}.Debug|Any CPU.Build.0 = Debug|Any CPU
		{32271491-8CF1-4014-9A8E-E1EA22EA4292}.Release|Any CPU.ActiveCfg = Release|Any CPU
		{32271491-8CF1-4014-9A8E-E1EA22EA4292}.Release|Any CPU.Build.0 = Release|Any CPU
		{9038FA64-E484-4549-9728-C50F12BBE643}.Debug|Any CPU.ActiveCfg = Debug|Any CPU
		{9038FA64-E484-4549-9728-C50F12BBE643}.Debug|Any CPU.Build.0 = Debug|Any CPU
		{9038FA64-E484-4549-9728-C50F12BBE643}.Release|Any CPU.ActiveCfg = Release|Any CPU
		{9038FA64-E484-4549-9728-C50F12BBE643}.Release|Any CPU.Build.0 = Release|Any CPU
		{A7D491BC-94C0-4AC9-9190-1FCA05D09B19}.Debug|Any CPU.ActiveCfg = Debug|Any CPU
		{A7D491BC-94C0-4AC9-9190-1FCA05D09B19}.Debug|Any CPU.Build.0 = Debug|Any CPU
		{A7D491BC-94C0-4AC9-9190-1FCA05D09B19}.Release|Any CPU.ActiveCfg = Release|Any CPU
		{A7D491BC-94C0-4AC9-9190-1FCA05D09B19}.Release|Any CPU.Build.0 = Release|Any CPU
		{7FB8C9B5-CEBF-4E76-9EC3-670EE57B328B}.Debug|Any CPU.ActiveCfg = Debug|Any CPU
		{7FB8C9B5-CEBF-4E76-9EC3-670EE57B328B}.Debug|Any CPU.Build.0 = Debug|Any CPU
		{7FB8C9B5-CEBF-4E76-9EC3-670EE57B328B}.Release|Any CPU.ActiveCfg = Release|Any CPU
		{7FB8C9B5-CEBF-4E76-9EC3-670EE57B328B}.Release|Any CPU.Build.0 = Release|Any CPU
		{B97A7EE2-04DD-4690-866E-9179F5E01908}.Debug|Any CPU.ActiveCfg = Debug|Any CPU
		{B97A7EE2-04DD-4690-866E-9179F5E01908}.Debug|Any CPU.Build.0 = Debug|Any CPU
		{B97A7EE2-04DD-4690-866E-9179F5E01908}.Release|Any CPU.ActiveCfg = Release|Any CPU
		{B97A7EE2-04DD-4690-866E-9179F5E01908}.Release|Any CPU.Build.0 = Release|Any CPU
		{94B1B1E4-C47D-4AA7-BA3A-88F3D30439DF}.Debug|Any CPU.ActiveCfg = Debug|Any CPU
		{94B1B1E4-C47D-4AA7-BA3A-88F3D30439DF}.Debug|Any CPU.Build.0 = Debug|Any CPU
		{94B1B1E4-C47D-4AA7-BA3A-88F3D30439DF}.Release|Any CPU.ActiveCfg = Release|Any CPU
		{94B1B1E4-C47D-4AA7-BA3A-88F3D30439DF}.Release|Any CPU.Build.0 = Release|Any CPU
	EndGlobalSection
	GlobalSection(SolutionProperties) = preSolution
		HideSolutionNode = FALSE
	EndGlobalSection
EndGlobal
